<?xml version="1.0" encoding="utf-8"?>
<Project ToolsVersion="4.0" xmlns="http://schemas.microsoft.com/developer/msbuild/2003">
  <ItemGroup>
    <ClCompile Include="NumbertoStr.cpp" />
    <ClCompile Include="StrWordsinRev.cpp" />
    <ClCompile Include="KthIndexFromEnd.cpp" />
    <ClCompile Include="removeSpaces.cpp" />
    <ClCompile Include="commonWords.cpp" />
    <ClCompile Include="MainStrings1.cpp" />
  </ItemGroup>
  <ItemGroup>
    <ClInclude Include="FunctionHeadersStrings1.h" />
  </ItemGroup>
</Project>